
Microsoft Visual Studio Solution File, Format Version 12.00
# Visual Studio 15
VisualStudioVersion = 15.0.28010.2050
MinimumVisualStudioVersion = 10.0.40219.1
Project("{2150E333-8FDC-42A3-9474-1A3956D46DE8}") = ".nuget", ".nuget", "{958671CC-CF77-40AA-9812-E17153577876}"
	ProjectSection(SolutionItems) = preProject
		.nuget\NuGet.Config = .nuget\NuGet.Config
		.nuget\NuGet.exe = .nuget\NuGet.exe
		.nuget\NuGet.targets = .nuget\NuGet.targets
	EndProjectSection
EndProject
Project("{FAE04EC0-301F-11D3-BF4B-00C04F79EFBC}") = "RabbitOperations.Collector", "app\RabbitOperations.Collector\RabbitOperations.Collector.csproj", "{FC619F88-1320-4CB8-9E25-B5FAC9DE0137}"
EndProject
Project("{2150E333-8FDC-42A3-9474-1A3956D46DE8}") = "Collector", "Collector", "{368C301C-99E1-4C51-BA5E-303E8D25A1C7}"
EndProject
Project("{FAE04EC0-301F-11D3-BF4B-00C04F79EFBC}") = "RabbitOperations.Tests.Unit", "tests\RabbitOperations.Tests.Unit\RabbitOperations.Tests.Unit.csproj", "{EDD69FC1-F72E-439F-A74D-AF91C5F8D882}"
EndProject
Project("{FAE04EC0-301F-11D3-BF4B-00C04F79EFBC}") = "RabbitOperations.Collector.Tests.Unit", "tests\RabbitOperations.Collector.Tests.Unit\RabbitOperations.Collector.Tests.Unit.csproj", "{031F03FA-0193-49F0-8B9B-7D282675CE9A}"
EndProject
Project("{FAE04EC0-301F-11D3-BF4B-00C04F79EFBC}") = "RabbitOperations.Domain", "app\RabbitOperations.Domain\RabbitOperations.Domain.csproj", "{C578C1DA-F710-4E0F-83FC-04FB6905AE92}"
EndProject
Project("{2150E333-8FDC-42A3-9474-1A3956D46DE8}") = "TestFixtures", "TestFixtures", "{E7EC9A1C-D554-49E6-8E48-8645C2D4BEDB}"
EndProject
Project("{FAE04EC0-301F-11D3-BF4B-00C04F79EFBC}") = "SendTestMessages", "TestFixtures\SendTestMessages\SendTestMessages.csproj", "{4B7FA327-361F-4F62-8EAD-0869F24A3DE9}"
EndProject
Project("{2150E333-8FDC-42A3-9474-1A3956D46DE8}") = "SouthsideUtility", "SouthsideUtility", "{84F4682E-1146-4A0D-9A6C-4E2BDD474851}"
EndProject
Project("{FAE04EC0-301F-11D3-BF4B-00C04F79EFBC}") = "SouthsideUtility.Core", "app\SouthsideUtility.Core\SouthsideUtility.Core.csproj", "{0556575C-FDA5-426D-956C-039FE7DA82AA}"
EndProject
Project("{FAE04EC0-301F-11D3-BF4B-00C04F79EFBC}") = "SouthsideUtility.RavenDB", "app\SouthsideUtility.RavenDB\SouthsideUtility.RavenDB.csproj", "{61D0B95A-CD31-43A3-B235-5198A2BFA726}"
EndProject
Project("{FAE04EC0-301F-11D3-BF4B-00C04F79EFBC}") = "SouthsideUtility.Testing", "app\SouthsideUtility.Testing\SouthsideUtility.Testing.csproj", "{A2840D27-85A0-489F-BD61-9E44AD80FFC8}"
EndProject
Global
	GlobalSection(SolutionConfigurationPlatforms) = preSolution
		Debug|Any CPU = Debug|Any CPU
		Release|Any CPU = Release|Any CPU
	EndGlobalSection
	GlobalSection(ProjectConfigurationPlatforms) = postSolution
		{FC619F88-1320-4CB8-9E25-B5FAC9DE0137}.Debug|Any CPU.ActiveCfg = Debug|Any CPU
		{FC619F88-1320-4CB8-9E25-B5FAC9DE0137}.Debug|Any CPU.Build.0 = Debug|Any CPU
		{FC619F88-1320-4CB8-9E25-B5FAC9DE0137}.Release|Any CPU.ActiveCfg = Release|Any CPU
		{FC619F88-1320-4CB8-9E25-B5FAC9DE0137}.Release|Any CPU.Build.0 = Release|Any CPU
		{EDD69FC1-F72E-439F-A74D-AF91C5F8D882}.Debug|Any CPU.ActiveCfg = Debug|Any CPU
		{EDD69FC1-F72E-439F-A74D-AF91C5F8D882}.Debug|Any CPU.Build.0 = Debug|Any CPU
		{EDD69FC1-F72E-439F-A74D-AF91C5F8D882}.Release|Any CPU.ActiveCfg = Release|Any CPU
		{EDD69FC1-F72E-439F-A74D-AF91C5F8D882}.Release|Any CPU.Build.0 = Release|Any CPU
		{031F03FA-0193-49F0-8B9B-7D282675CE9A}.Debug|Any CPU.ActiveCfg = Debug|Any CPU
		{031F03FA-0193-49F0-8B9B-7D282675CE9A}.Debug|Any CPU.Build.0 = Debug|Any CPU
		{031F03FA-0193-49F0-8B9B-7D282675CE9A}.Release|Any CPU.ActiveCfg = Release|Any CPU
		{031F03FA-0193-49F0-8B9B-7D282675CE9A}.Release|Any CPU.Build.0 = Release|Any CPU
		{C578C1DA-F710-4E0F-83FC-04FB6905AE92}.Debug|Any CPU.ActiveCfg = Debug|Any CPU
		{C578C1DA-F710-4E0F-83FC-04FB6905AE92}.Debug|Any CPU.Build.0 = Debug|Any CPU
		{C578C1DA-F710-4E0F-83FC-04FB6905AE92}.Release|Any CPU.ActiveCfg = Release|Any CPU
		{C578C1DA-F710-4E0F-83FC-04FB6905AE92}.Release|Any CPU.Build.0 = Release|Any CPU
		{4B7FA327-361F-4F62-8EAD-0869F24A3DE9}.Debug|Any CPU.ActiveCfg = Debug|Any CPU
		{4B7FA327-361F-4F62-8EAD-0869F24A3DE9}.Debug|Any CPU.Build.0 = Debug|Any CPU
		{4B7FA327-361F-4F62-8EAD-0869F24A3DE9}.Release|Any CPU.ActiveCfg = Release|Any CPU
		{4B7FA327-361F-4F62-8EAD-0869F24A3DE9}.Release|Any CPU.Build.0 = Release|Any CPU
		{0556575C-FDA5-426D-956C-039FE7DA82AA}.Debug|Any CPU.ActiveCfg = Debug|Any CPU
		{0556575C-FDA5-426D-956C-039FE7DA82AA}.Debug|Any CPU.Build.0 = Debug|Any CPU
		{0556575C-FDA5-426D-956C-039FE7DA82AA}.Release|Any CPU.ActiveCfg = Release|Any CPU
		{0556575C-FDA5-426D-956C-039FE7DA82AA}.Release|Any CPU.Build.0 = Release|Any CPU
		{61D0B95A-CD31-43A3-B235-5198A2BFA726}.Debug|Any CPU.ActiveCfg = Debug|Any CPU
		{61D0B95A-CD31-43A3-B235-5198A2BFA726}.Debug|Any CPU.Build.0 = Debug|Any CPU
		{61D0B95A-CD31-43A3-B235-5198A2BFA726}.Release|Any CPU.ActiveCfg = Release|Any CPU
		{61D0B95A-CD31-43A3-B235-5198A2BFA726}.Release|Any CPU.Build.0 = Release|Any CPU
		{A2840D27-85A0-489F-BD61-9E44AD80FFC8}.Debug|Any CPU.ActiveCfg = Debug|Any CPU
		{A2840D27-85A0-489F-BD61-9E44AD80FFC8}.Debug|Any CPU.Build.0 = Debug|Any CPU
		{A2840D27-85A0-489F-BD61-9E44AD80FFC8}.Release|Any CPU.ActiveCfg = Release|Any CPU
		{A2840D27-85A0-489F-BD61-9E44AD80FFC8}.Release|Any CPU.Build.0 = Release|Any CPU
	EndGlobalSection
	GlobalSection(SolutionProperties) = preSolution
		HideSolutionNode = FALSE
	EndGlobalSection
	GlobalSection(NestedProjects) = preSolution
		{FC619F88-1320-4CB8-9E25-B5FAC9DE0137} = {368C301C-99E1-4C51-BA5E-303E8D25A1C7}
		{031F03FA-0193-49F0-8B9B-7D282675CE9A} = {368C301C-99E1-4C51-BA5E-303E8D25A1C7}
		{4B7FA327-361F-4F62-8EAD-0869F24A3DE9} = {E7EC9A1C-D554-49E6-8E48-8645C2D4BEDB}
		{0556575C-FDA5-426D-956C-039FE7DA82AA} = {84F4682E-1146-4A0D-9A6C-4E2BDD474851}
		{61D0B95A-CD31-43A3-B235-5198A2BFA726} = {84F4682E-1146-4A0D-9A6C-4E2BDD474851}
		{A2840D27-85A0-489F-BD61-9E44AD80FFC8} = {84F4682E-1146-4A0D-9A6C-4E2BDD474851}
	EndGlobalSection
	GlobalSection(ExtensibilityGlobals) = postSolution
		SolutionGuid = {252096B8-3ADC-46CC-A7F5-50733D700AC0}
	EndGlobalSection
EndGlobal
